name: Bootstrap npm lockfile

on:
  pull_request:
    branches: [main]

permissions:
  contents: write

jobs:
  lockfile:
    if: github.actor != 'github-actions[bot]'
    runs-on: ubuntu-24.04
    timeout-minutes: 10
    steps:
      - uses: actions/checkout@v6
        with:
          ref: ${{ github.head_ref }}
      - uses: actions/setup-node@v6
        with:
          node-version: "24"
          package-manager-cache: false
      - name: Generate npm lockfile
        working-directory: apps/web
        run: npm install --package-lock-only --ignore-scripts --no-audit --no-fund
      - name: Commit lockfile
        run: |
          set -euo pipefail
          git add apps/web/package-lock.json
          if git diff --cached --quiet; then
            echo "package-lock.json is already current"
            exit 0
          fi
          git config user.name "github-actions[bot]"
          git config user.email "41898282+github-actions[bot]@users.noreply.github.com"
          git commit -m "chore(web): add npm lockfile"
          git push origin HEAD:${{ github.head_ref }}
