name: Bootstrap npm lockfile

on:
  pull_request:
    branches: [main]

permissions:
  contents: read

jobs:
  lockfile:
    runs-on: ubuntu-24.04
    timeout-minutes: 10
    steps:
      - uses: actions/checkout@v6
      - uses: actions/setup-node@v6
        with:
          node-version: "24"
          package-manager-cache: false
      - name: Generate npm lockfile
        working-directory: apps/web
        run: npm install --package-lock-only --ignore-scripts --no-audit --no-fund
      - name: Upload npm lockfile
        uses: actions/upload-artifact@v7
        with:
          name: npm-lockfile
          path: apps/web/package-lock.json
          if-no-files-found: error
